
Microsoft Visual Studio Solution File, Format Version 12.00
# Visual Studio Version 16
VisualStudioVersion = 16.0.29905.134
MinimumVisualStudioVersion = 10.0.40219.1
Project("{FAE04EC0-301F-11D3-BF4B-00C04F79EFBC}") = "PickleAndHope", "PickleAndHope\PickleAndHope.csproj", "{04DBF26E-E942-431F-94EB-FB6EC558FB92}"
EndProject
Global
	GlobalSection(SolutionConfigurationPlatforms) = preSolution
		Debug|Any CPU = Debug|Any CPU
		Release|Any CPU = Release|Any CPU
	EndGlobalSection
	GlobalSection(ProjectConfigurationPlatforms) = postSolution
		{04DBF26E-E942-431F-94EB-FB6EC558FB92}.Debug|Any CPU.ActiveCfg = Debug|Any CPU
		{04DBF26E-E942-431F-94EB-FB6EC558FB92}.Debug|Any CPU.Build.0 = Debug|Any CPU
		{04DBF26E-E942-431F-94EB-FB6EC558FB92}.Release|Any CPU.ActiveCfg = Release|Any CPU
		{04DBF26E-E942-431F-94EB-FB6EC558FB92}.Release|Any CPU.Build.0 = Release|Any CPU
	EndGlobalSection
	GlobalSection(SolutionProperties) = preSolution
		HideSolutionNode = FALSE
	EndGlobalSection
	GlobalSection(ExtensibilityGlobals) = postSolution
		SolutionGuid = {6DB35C17-FF1E-43D2-BE18-16CE6A6679D3}
	EndGlobalSection
EndGlobal
